
Microsoft Visual Studio Solution File, Format Version 12.00
# Visual Studio 14
VisualStudioVersion = 14.0.25420.1
MinimumVisualStudioVersion = 10.0.40219.1
Project("{FAE04EC0-301F-11D3-BF4B-00C04F79EFBC}") = "IntegrationApp", "Integrations\IntegrationApp\IntegrationApp.csproj", "{05AFF8A3-3E85-4460-B86E-F7855FA46BEF}"
EndProject
Project("{FAE04EC0-301F-11D3-BF4B-00C04F79EFBC}") = "RecordLion.RecordsManager.Client", "RecordLion.RecordsManager.Client\RecordLion.RecordsManager.Client.csproj", "{FB66F897-C444-4A64-9885-45D3D6D167B7}"
EndProject
Project("{FAE04EC0-301F-11D3-BF4B-00C04F79EFBC}") = "RecordLion.RecordsManager.Client.Azure", "RecordLion.RecordsManager.Client.Azure\RecordLion.RecordsManager.Client.Azure.csproj", "{27818309-4C5F-4CD4-92B6-51321143F7B3}"
EndProject
Global
	GlobalSection(SolutionConfigurationPlatforms) = preSolution
		Azure.Debug|Any CPU = Azure.Debug|Any CPU
		Azure.Release|Any CPU = Azure.Release|Any CPU
		Debug|Any CPU = Debug|Any CPU
		Release|Any CPU = Release|Any CPU
	EndGlobalSection
	GlobalSection(ProjectConfigurationPlatforms) = postSolution
		{05AFF8A3-3E85-4460-B86E-F7855FA46BEF}.Azure.Debug|Any CPU.ActiveCfg = Debug|Any CPU
		{05AFF8A3-3E85-4460-B86E-F7855FA46BEF}.Azure.Debug|Any CPU.Build.0 = Debug|Any CPU
		{05AFF8A3-3E85-4460-B86E-F7855FA46BEF}.Azure.Release|Any CPU.ActiveCfg = Release|Any CPU
		{05AFF8A3-3E85-4460-B86E-F7855FA46BEF}.Azure.Release|Any CPU.Build.0 = Release|Any CPU
		{05AFF8A3-3E85-4460-B86E-F7855FA46BEF}.Debug|Any CPU.ActiveCfg = Debug|Any CPU
		{05AFF8A3-3E85-4460-B86E-F7855FA46BEF}.Debug|Any CPU.Build.0 = Debug|Any CPU
		{05AFF8A3-3E85-4460-B86E-F7855FA46BEF}.Release|Any CPU.ActiveCfg = Release|Any CPU
		{05AFF8A3-3E85-4460-B86E-F7855FA46BEF}.Release|Any CPU.Build.0 = Release|Any CPU
		{FB66F897-C444-4A64-9885-45D3D6D167B7}.Azure.Debug|Any CPU.ActiveCfg = Azure.Debug|Any CPU
		{FB66F897-C444-4A64-9885-45D3D6D167B7}.Azure.Debug|Any CPU.Build.0 = Azure.Debug|Any CPU
		{FB66F897-C444-4A64-9885-45D3D6D167B7}.Azure.Release|Any CPU.ActiveCfg = Azure.Release|Any CPU
		{FB66F897-C444-4A64-9885-45D3D6D167B7}.Azure.Release|Any CPU.Build.0 = Azure.Release|Any CPU
		{FB66F897-C444-4A64-9885-45D3D6D167B7}.Debug|Any CPU.ActiveCfg = Debug|Any CPU
		{FB66F897-C444-4A64-9885-45D3D6D167B7}.Debug|Any CPU.Build.0 = Debug|Any CPU
		{FB66F897-C444-4A64-9885-45D3D6D167B7}.Release|Any CPU.ActiveCfg = Release|Any CPU
		{FB66F897-C444-4A64-9885-45D3D6D167B7}.Release|Any CPU.Build.0 = Release|Any CPU
		{27818309-4C5F-4CD4-92B6-51321143F7B3}.Azure.Debug|Any CPU.ActiveCfg = Debug|Any CPU
		{27818309-4C5F-4CD4-92B6-51321143F7B3}.Azure.Debug|Any CPU.Build.0 = Debug|Any CPU
		{27818309-4C5F-4CD4-92B6-51321143F7B3}.Azure.Release|Any CPU.ActiveCfg = Release|Any CPU
		{27818309-4C5F-4CD4-92B6-51321143F7B3}.Azure.Release|Any CPU.Build.0 = Release|Any CPU
		{27818309-4C5F-4CD4-92B6-51321143F7B3}.Debug|Any CPU.ActiveCfg = Debug|Any CPU
		{27818309-4C5F-4CD4-92B6-51321143F7B3}.Debug|Any CPU.Build.0 = Debug|Any CPU
		{27818309-4C5F-4CD4-92B6-51321143F7B3}.Release|Any CPU.ActiveCfg = Release|Any CPU
		{27818309-4C5F-4CD4-92B6-51321143F7B3}.Release|Any CPU.Build.0 = Release|Any CPU
	EndGlobalSection
	GlobalSection(SolutionProperties) = preSolution
		HideSolutionNode = FALSE
	EndGlobalSection
EndGlobal
